
Microsoft Visual Studio Solution File, Format Version 12.00
# Visual Studio 15
VisualStudioVersion = 15.0.26228.12
MinimumVisualStudioVersion = 10.0.40219.1
Project("{FAE04EC0-301F-11D3-BF4B-00C04F79EFBC}") = "Anahuac.CRM.NotificaStatusOportunidad", "Anahuac.CRM.EnviaOportunidadABanner\Anahuac.CRM.NotificaStatusOportunidad.csproj", "{DBD98918-2408-4070-A466-B0B999402F19}"
EndProject
Project("{FAE04EC0-301F-11D3-BF4B-00C04F79EFBC}") = "UnitTestEnvioOportunidades", "UnitTestEnvioOportunidades\UnitTestEnvioOportunidades.csproj", "{EF305724-F766-4165-96C4-00704EE4C4FE}"
EndProject
Global
	GlobalSection(SolutionConfigurationPlatforms) = preSolution
		Debug|Any CPU = Debug|Any CPU
		Release|Any CPU = Release|Any CPU
	EndGlobalSection
	GlobalSection(ProjectConfigurationPlatforms) = postSolution
		{DBD98918-2408-4070-A466-B0B999402F19}.Debug|Any CPU.ActiveCfg = Debug|Any CPU
		{DBD98918-2408-4070-A466-B0B999402F19}.Debug|Any CPU.Build.0 = Debug|Any CPU
		{DBD98918-2408-4070-A466-B0B999402F19}.Release|Any CPU.ActiveCfg = Release|Any CPU
		{DBD98918-2408-4070-A466-B0B999402F19}.Release|Any CPU.Build.0 = Release|Any CPU
		{EF305724-F766-4165-96C4-00704EE4C4FE}.Debug|Any CPU.ActiveCfg = Debug|Any CPU
		{EF305724-F766-4165-96C4-00704EE4C4FE}.Debug|Any CPU.Build.0 = Debug|Any CPU
		{EF305724-F766-4165-96C4-00704EE4C4FE}.Release|Any CPU.ActiveCfg = Release|Any CPU
		{EF305724-F766-4165-96C4-00704EE4C4FE}.Release|Any CPU.Build.0 = Release|Any CPU
	EndGlobalSection
	GlobalSection(SolutionProperties) = preSolution
		HideSolutionNode = FALSE
	EndGlobalSection
EndGlobal
